
Microsoft Visual Studio Solution File, Format Version 12.00
# Visual Studio Version 17
VisualStudioVersion = 17.6.33815.320
MinimumVisualStudioVersion = 10.0.40219.1
Project("{9A19103F-16F7-4668-BE54-9A1E7A4F7556}") = "VitchinnikMonoCore", "VitchinnikMonoCore.csproj", "{59F91461-C61B-44BE-B24E-28438429C10F}"
EndProject
Global
	GlobalSection(SolutionConfigurationPlatforms) = preSolution
		Debug|Any CPU = Debug|Any CPU
		Release|Any CPU = Release|Any CPU
	EndGlobalSection
	GlobalSection(ProjectConfigurationPlatforms) = postSolution
		{59F91461-C61B-44BE-B24E-28438429C10F}.Debug|Any CPU.ActiveCfg = Debug|Any CPU
		{59F91461-C61B-44BE-B24E-28438429C10F}.Debug|Any CPU.Build.0 = Debug|Any CPU
		{59F91461-C61B-44BE-B24E-28438429C10F}.Release|Any CPU.ActiveCfg = Release|Any CPU
		{59F91461-C61B-44BE-B24E-28438429C10F}.Release|Any CPU.Build.0 = Release|Any CPU
	EndGlobalSection
	GlobalSection(SolutionProperties) = preSolution
		HideSolutionNode = FALSE
	EndGlobalSection
	GlobalSection(ExtensibilityGlobals) = postSolution
		SolutionGuid = {6BB9F0EC-C1A9-47F7-A5F3-C95F19CEF8EF}
	EndGlobalSection
EndGlobal
